
Microsoft Visual Studio Solution File, Format Version 12.00
# Visual Studio Version 17
VisualStudioVersion = 17.1.31903.286
MinimumVisualStudioVersion = 10.0.40219.1
Project("{8BC9CEB8-8B4A-11D0-8D11-00A0C91BC942}") = "zad3", "zad3\zad3.vcxproj", "{692310E4-22FE-4868-A5B2-D659E40BEFAB}"
EndProject
Project("{8BC9CEB8-8B4A-11D0-8D11-00A0C91BC942}") = "zad3-usuw", "zad3-usuw\zad3-usuw.vcxproj", "{FF7ADD14-E909-4074-A255-481C5E53824F}"
EndProject
Project("{8BC9CEB8-8B4A-11D0-8D11-00A0C91BC942}") = "zad3-klika", "zad3-klika\zad3-klika.vcxproj", "{B0C772E6-86E9-4B9B-8F3A-30743B82E052}"
EndProject
Project("{8BC9CEB8-8B4A-11D0-8D11-00A0C91BC942}") = "zad3-latest", "zad3-latest\zad3-latest.vcxproj", "{2E62C442-86C7-4D32-A688-96F8B55F3AE4}"
EndProject
Project("{8BC9CEB8-8B4A-11D0-8D11-00A0C91BC942}") = "zad3-popr", "zad3-popr\zad3-popr.vcxproj", "{BEACD364-F901-4EE4-A8AE-15A4ACDA359E}"
EndProject
Project("{8BC9CEB8-8B4A-11D0-8D11-00A0C91BC942}") = "1klika", "1klika\1klika.vcxproj", "{347C283A-E846-4529-B799-0024CAFE6F5C}"
EndProject
Global
	GlobalSection(SolutionConfigurationPlatforms) = preSolution
		Debug|x64 = Debug|x64
		Debug|x86 = Debug|x86
		Release|x64 = Release|x64
		Release|x86 = Release|x86
	EndGlobalSection
	GlobalSection(ProjectConfigurationPlatforms) = postSolution
		{692310E4-22FE-4868-A5B2-D659E40BEFAB}.Debug|x64.ActiveCfg = Debug|x64
		{692310E4-22FE-4868-A5B2-D659E40BEFAB}.Debug|x64.Build.0 = Debug|x64
		{692310E4-22FE-4868-A5B2-D659E40BEFAB}.Debug|x86.ActiveCfg = Debug|Win32
		{692310E4-22FE-4868-A5B2-D659E40BEFAB}.Debug|x86.Build.0 = Debug|Win32
		{692310E4-22FE-4868-A5B2-D659E40BEFAB}.Release|x64.ActiveCfg = Release|x64
		{692310E4-22FE-4868-A5B2-D659E40BEFAB}.Release|x64.Build.0 = Release|x64
		{692310E4-22FE-4868-A5B2-D659E40BEFAB}.Release|x86.ActiveCfg = Release|Win32
		{692310E4-22FE-4868-A5B2-D659E40BEFAB}.Release|x86.Build.0 = Release|Win32
		{FF7ADD14-E909-4074-A255-481C5E53824F}.Debug|x64.ActiveCfg = Debug|x64
		{FF7ADD14-E909-4074-A255-481C5E53824F}.Debug|x64.Build.0 = Debug|x64
		{FF7ADD14-E909-4074-A255-481C5E53824F}.Debug|x86.ActiveCfg = Debug|Win32
		{FF7ADD14-E909-4074-A255-481C5E53824F}.Debug|x86.Build.0 = Debug|Win32
		{FF7ADD14-E909-4074-A255-481C5E53824F}.Release|x64.ActiveCfg = Release|x64
		{FF7ADD14-E909-4074-A255-481C5E53824F}.Release|x64.Build.0 = Release|x64
		{FF7ADD14-E909-4074-A255-481C5E53824F}.Release|x86.ActiveCfg = Release|Win32
		{FF7ADD14-E909-4074-A255-481C5E53824F}.Release|x86.Build.0 = Release|Win32
		{B0C772E6-86E9-4B9B-8F3A-30743B82E052}.Debug|x64.ActiveCfg = Debug|x64
		{B0C772E6-86E9-4B9B-8F3A-30743B82E052}.Debug|x64.Build.0 = Debug|x64
		{B0C772E6-86E9-4B9B-8F3A-30743B82E052}.Debug|x86.ActiveCfg = Debug|Win32
		{B0C772E6-86E9-4B9B-8F3A-30743B82E052}.Debug|x86.Build.0 = Debug|Win32
		{B0C772E6-86E9-4B9B-8F3A-30743B82E052}.Release|x64.ActiveCfg = Release|x64
		{B0C772E6-86E9-4B9B-8F3A-30743B82E052}.Release|x64.Build.0 = Release|x64
		{B0C772E6-86E9-4B9B-8F3A-30743B82E052}.Release|x86.ActiveCfg = Release|Win32
		{B0C772E6-86E9-4B9B-8F3A-30743B82E052}.Release|x86.Build.0 = Release|Win32
		{2E62C442-86C7-4D32-A688-96F8B55F3AE4}.Debug|x64.ActiveCfg = Debug|x64
		{2E62C442-86C7-4D32-A688-96F8B55F3AE4}.Debug|x64.Build.0 = Debug|x64
		{2E62C442-86C7-4D32-A688-96F8B55F3AE4}.Debug|x86.ActiveCfg = Debug|Win32
		{2E62C442-86C7-4D32-A688-96F8B55F3AE4}.Debug|x86.Build.0 = Debug|Win32
		{2E62C442-86C7-4D32-A688-96F8B55F3AE4}.Release|x64.ActiveCfg = Release|x64
		{2E62C442-86C7-4D32-A688-96F8B55F3AE4}.Release|x64.Build.0 = Release|x64
		{2E62C442-86C7-4D32-A688-96F8B55F3AE4}.Release|x86.ActiveCfg = Release|Win32
		{2E62C442-86C7-4D32-A688-96F8B55F3AE4}.Release|x86.Build.0 = Release|Win32
		{BEACD364-F901-4EE4-A8AE-15A4ACDA359E}.Debug|x64.ActiveCfg = Debug|x64
		{BEACD364-F901-4EE4-A8AE-15A4ACDA359E}.Debug|x64.Build.0 = Debug|x64
		{BEACD364-F901-4EE4-A8AE-15A4ACDA359E}.Debug|x86.ActiveCfg = Debug|Win32
		{BEACD364-F901-4EE4-A8AE-15A4ACDA359E}.Debug|x86.Build.0 = Debug|Win32
		{BEACD364-F901-4EE4-A8AE-15A4ACDA359E}.Release|x64.ActiveCfg = Release|x64
		{BEACD364-F901-4EE4-A8AE-15A4ACDA359E}.Release|x64.Build.0 = Release|x64
		{BEACD364-F901-4EE4-A8AE-15A4ACDA359E}.Release|x86.ActiveCfg = Release|Win32
		{BEACD364-F901-4EE4-A8AE-15A4ACDA359E}.Release|x86.Build.0 = Release|Win32
		{347C283A-E846-4529-B799-0024CAFE6F5C}.Debug|x64.ActiveCfg = Debug|x64
		{347C283A-E846-4529-B799-0024CAFE6F5C}.Debug|x64.Build.0 = Debug|x64
		{347C283A-E846-4529-B799-0024CAFE6F5C}.Debug|x86.ActiveCfg = Debug|Win32
		{347C283A-E846-4529-B799-0024CAFE6F5C}.Debug|x86.Build.0 = Debug|Win32
		{347C283A-E846-4529-B799-0024CAFE6F5C}.Release|x64.ActiveCfg = Release|x64
		{347C283A-E846-4529-B799-0024CAFE6F5C}.Release|x64.Build.0 = Release|x64
		{347C283A-E846-4529-B799-0024CAFE6F5C}.Release|x86.ActiveCfg = Release|Win32
		{347C283A-E846-4529-B799-0024CAFE6F5C}.Release|x86.Build.0 = Release|Win32
	EndGlobalSection
	GlobalSection(SolutionProperties) = preSolution
		HideSolutionNode = FALSE
	EndGlobalSection
	GlobalSection(ExtensibilityGlobals) = postSolution
		SolutionGuid = {C156C028-5E16-47BF-9BFB-C9CC328F2E4A}
	EndGlobalSection
EndGlobal
